{
  "name": "D",
  "version": "0.2.0",
  "lockfileVersion": 1,
  "requires": true,
  "dependencies": {
    "three": {
      "version": "0.137.4",
      "resolved": "https://registry.npmjs.org/three/-/three-0.137.4.tgz",
      "integrity": "sha512-kUyOZNX+dMbvaS0mGYM1BaXHkHVNQdpryWH8dBg3mn725dJcTo9/5rjyH+OJ8V0r+XbZPz7sncV+c3Gjpc9UBA=="
    }
  }
}
